version = 1
revision = 3
requires-python = ">=3.11"

[[package]]
name = "dibbler"
version = "1.0.0"
source = { editable = "." }
dependencies = [
    { name = "psycopg2-binary" },
    { name = "sqlalchemy" },
]

[package.metadata]
requires-dist = [
    { name = "psycopg2-binary", specifier = ">=2.8,<2.10" },
    { name = "sqlalchemy", specifier = ">=2.0,<2.1" },
]

[[package]]
name = "greenlet"
version = "3.3.0"
source = { registry = "https://pypi.org/simple" }
sdist = { url = "https://files.pythonhosted.org/packages/c7/e5/40dbda2736893e3e53d25838e0f19a2b417dfc122b9989c91918db30b5d3/greenlet-3.3.0.tar.gz", hash = "sha256:a82bb225a4e9e4d653dd2fb7b8b2d36e4fb25bc0165422a11e48b88e9e6f78fb", size = 190651, upload-time = "2025-12-04T14:49:44.05Z" }
wheels = [
    { url = "https://files.pythonhosted.org/packages/1f/cb/48e964c452ca2b92175a9b2dca037a553036cb053ba69e284650ce755f13/greenlet-3.3.0-cp311-cp311-macosx_11_0_universal2.whl", hash = "sha256:e29f3018580e8412d6aaf5641bb7745d38c85228dacf51a73bd4e26ddf2a6a8e", size = 274908, upload-time = "2025-12-04T14:23:26.435Z" },
    { url = "https://files.pythonhosted.org/packages/28/da/38d7bff4d0277b594ec557f479d65272a893f1f2a716cad91efeb8680953/greenlet-3.3.0-cp311-cp311-manylinux_2_24_aarch64.manylinux_2_28_aarch64.whl", hash = "sha256:a687205fb22794e838f947e2194c0566d3812966b41c78709554aa883183fb62", size = 577113, upload-time = "2025-12-04T14:50:05.493Z" },
    { url = "https://files.pythonhosted.org/packages/3c/f2/89c5eb0faddc3ff014f1c04467d67dee0d1d334ab81fadbf3744847f8a8a/greenlet-3.3.0-cp311-cp311-manylinux_2_24_ppc64le.manylinux_2_28_ppc64le.whl", hash = "sha256:4243050a88ba61842186cb9e63c7dfa677ec146160b0efd73b855a3d9c7fcf32", size = 590338, upload-time = "2025-12-04T14:57:41.136Z" },
    { url = "https://files.pythonhosted.org/packages/80/d7/db0a5085035d05134f8c089643da2b44cc9b80647c39e93129c5ef170d8f/greenlet-3.3.0-cp311-cp311-manylinux_2_24_s390x.manylinux_2_28_s390x.whl", hash = "sha256:670d0f94cd302d81796e37299bcd04b95d62403883b24225c6b5271466612f45", size = 601098, upload-time = "2025-12-04T15:07:11.898Z" },
    { url = "https://files.pythonhosted.org/packages/dc/a6/e959a127b630a58e23529972dbc868c107f9d583b5a9f878fb858c46bc1a/greenlet-3.3.0-cp311-cp311-manylinux_2_24_x86_64.manylinux_2_28_x86_64.whl", hash = "sha256:6cb3a8ec3db4a3b0eb8a3c25436c2d49e3505821802074969db017b87bc6a948", size = 590206, upload-time = "2025-12-04T14:26:01.254Z" },
    { url = "https://files.pythonhosted.org/packages/48/60/29035719feb91798693023608447283b266b12efc576ed013dd9442364bb/greenlet-3.3.0-cp311-cp311-musllinux_1_2_aarch64.whl", hash = "sha256:2de5a0b09eab81fc6a382791b995b1ccf2b172a9fec934747a7a23d2ff291794", size = 1550668, upload-time = "2025-12-04T15:04:22.439Z" },
    { url = "https://files.pythonhosted.org/packages/0a/5f/783a23754b691bfa86bd72c3033aa107490deac9b2ef190837b860996c9f/greenlet-3.3.0-cp311-cp311-musllinux_1_2_x86_64.whl", hash = "sha256:4449a736606bd30f27f8e1ff4678ee193bc47f6ca810d705981cfffd6ce0d8c5", size = 1615483, upload-time = "2025-12-04T14:27:28.083Z" },
    { url = "https://files.pythonhosted.org/packages/1d/d5/c339b3b4bc8198b7caa4f2bd9fd685ac9f29795816d8db112da3d04175bb/greenlet-3.3.0-cp311-cp311-win_amd64.whl", hash = "sha256:7652ee180d16d447a683c04e4c5f6441bae7ba7b17ffd9f6b3aff4605e9e6f71", size = 301164, upload-time = "2025-12-04T14:42:51.577Z" },
    { url = "https://files.pythonhosted.org/packages/f8/0a/a3871375c7b9727edaeeea994bfff7c63ff7804c9829c19309ba2e058807/greenlet-3.3.0-cp312-cp312-macosx_11_0_universal2.whl", hash = "sha256:b01548f6e0b9e9784a2c99c5651e5dc89ffcbe870bc5fb2e5ef864e9cc6b5dcb", size = 276379, upload-time = "2025-12-04T14:23:30.498Z" },
    { url = "https://files.pythonhosted.org/packages/43/ab/7ebfe34dce8b87be0d11dae91acbf76f7b8246bf9d6b319c741f99fa59c6/greenlet-3.3.0-cp312-cp312-manylinux_2_24_aarch64.manylinux_2_28_aarch64.whl", hash = "sha256:349345b770dc88f81506c6861d22a6ccd422207829d2c854ae2af8025af303e3", size = 597294, upload-time = "2025-12-04T14:50:06.847Z" },
    { url = "https://files.pythonhosted.org/packages/a4/39/f1c8da50024feecd0793dbd5e08f526809b8ab5609224a2da40aad3a7641/greenlet-3.3.0-cp312-cp312-manylinux_2_24_ppc64le.manylinux_2_28_ppc64le.whl", hash = "sha256:e8e18ed6995e9e2c0b4ed264d2cf89260ab3ac7e13555b8032b25a74c6d18655", size = 607742, upload-time = "2025-12-04T14:57:42.349Z" },
    { url = "https://files.pythonhosted.org/packages/77/cb/43692bcd5f7a0da6ec0ec6d58ee7cddb606d055ce94a62ac9b1aa481e969/greenlet-3.3.0-cp312-cp312-manylinux_2_24_s390x.manylinux_2_28_s390x.whl", hash = "sha256:c024b1e5696626890038e34f76140ed1daf858e37496d33f2af57f06189e70d7", size = 622297, upload-time = "2025-12-04T15:07:13.552Z" },
    { url = "https://files.pythonhosted.org/packages/75/b0/6bde0b1011a60782108c01de5913c588cf51a839174538d266de15e4bf4d/greenlet-3.3.0-cp312-cp312-manylinux_2_24_x86_64.manylinux_2_28_x86_64.whl", hash = "sha256:047ab3df20ede6a57c35c14bf5200fcf04039d50f908270d3f9a7a82064f543b", size = 609885, upload-time = "2025-12-04T14:26:02.368Z" },
    { url = "https://files.pythonhosted.org/packages/49/0e/49b46ac39f931f59f987b7cd9f34bfec8ef81d2a1e6e00682f55be5de9f4/greenlet-3.3.0-cp312-cp312-musllinux_1_2_aarch64.whl", hash = "sha256:2d9ad37fc657b1102ec880e637cccf20191581f75c64087a549e66c57e1ceb53", size = 1567424, upload-time = "2025-12-04T15:04:23.757Z" },
    { url = "https://files.pythonhosted.org/packages/05/f5/49a9ac2dff7f10091935def9165c90236d8f175afb27cbed38fb1d61ab6b/greenlet-3.3.0-cp312-cp312-musllinux_1_2_x86_64.whl", hash = "sha256:83cd0e36932e0e7f36a64b732a6f60c2fc2df28c351bae79fbaf4f8092fe7614", size = 1636017, upload-time = "2025-12-04T14:27:29.688Z" },
    { url = "https://files.pythonhosted.org/packages/6c/79/3912a94cf27ec503e51ba493692d6db1e3cd8ac7ac52b0b47c8e33d7f4f9/greenlet-3.3.0-cp312-cp312-win_amd64.whl", hash = "sha256:a7a34b13d43a6b78abf828a6d0e87d3385680eaf830cd60d20d52f249faabf39", size = 301964, upload-time = "2025-12-04T14:36:58.316Z" },
    { url = "https://files.pythonhosted.org/packages/02/2f/28592176381b9ab2cafa12829ba7b472d177f3acc35d8fbcf3673d966fff/greenlet-3.3.0-cp313-cp313-macosx_11_0_universal2.whl", hash = "sha256:a1e41a81c7e2825822f4e068c48cb2196002362619e2d70b148f20a831c00739", size = 275140, upload-time = "2025-12-04T14:23:01.282Z" },
    { url = "https://files.pythonhosted.org/packages/2c/80/fbe937bf81e9fca98c981fe499e59a3f45df2a04da0baa5c2be0dca0d329/greenlet-3.3.0-cp313-cp313-manylinux_2_24_aarch64.manylinux_2_28_aarch64.whl", hash = "sha256:9f515a47d02da4d30caaa85b69474cec77b7929b2e936ff7fb853d42f4bf8808", size = 599219, upload-time = "2025-12-04T14:50:08.309Z" },
    { url = "https://files.pythonhosted.org/packages/c2/ff/7c985128f0514271b8268476af89aee6866df5eec04ac17dcfbc676213df/greenlet-3.3.0-cp313-cp313-manylinux_2_24_ppc64le.manylinux_2_28_ppc64le.whl", hash = "sha256:7d2d9fd66bfadf230b385fdc90426fcd6eb64db54b40c495b72ac0feb5766c54", size = 610211, upload-time = "2025-12-04T14:57:43.968Z" },
    { url = "https://files.pythonhosted.org/packages/79/07/c47a82d881319ec18a4510bb30463ed6891f2ad2c1901ed5ec23d3de351f/greenlet-3.3.0-cp313-cp313-manylinux_2_24_s390x.manylinux_2_28_s390x.whl", hash = "sha256:30a6e28487a790417d036088b3bcb3f3ac7d8babaa7d0139edbaddebf3af9492", size = 624311, upload-time = "2025-12-04T15:07:14.697Z" },
    { url = "https://files.pythonhosted.org/packages/fd/8e/424b8c6e78bd9837d14ff7df01a9829fc883ba2ab4ea787d4f848435f23f/greenlet-3.3.0-cp313-cp313-manylinux_2_24_x86_64.manylinux_2_28_x86_64.whl", hash = "sha256:087ea5e004437321508a8d6f20efc4cfec5e3c30118e1417ea96ed1d93950527", size = 612833, upload-time = "2025-12-04T14:26:03.669Z" },
    { url = "https://files.pythonhosted.org/packages/b5/ba/56699ff9b7c76ca12f1cdc27a886d0f81f2189c3455ff9f65246780f713d/greenlet-3.3.0-cp313-cp313-musllinux_1_2_aarch64.whl", hash = "sha256:ab97cf74045343f6c60a39913fa59710e4bd26a536ce7ab2397adf8b27e67c39", size = 1567256, upload-time = "2025-12-04T15:04:25.276Z" },
    { url = "https://files.pythonhosted.org/packages/1e/37/f31136132967982d698c71a281a8901daf1a8fbab935dce7c0cf15f942cc/greenlet-3.3.0-cp313-cp313-musllinux_1_2_x86_64.whl", hash = "sha256:5375d2e23184629112ca1ea89a53389dddbffcf417dad40125713d88eb5f96e8", size = 1636483, upload-time = "2025-12-04T14:27:30.804Z" },
    { url = "https://files.pythonhosted.org/packages/7e/71/ba21c3fb8c5dce83b8c01f458a42e99ffdb1963aeec08fff5a18588d8fd7/greenlet-3.3.0-cp313-cp313-win_amd64.whl", hash = "sha256:9ee1942ea19550094033c35d25d20726e4f1c40d59545815e1128ac58d416d38", size = 301833, upload-time = "2025-12-04T14:32:23.929Z" },
    { url = "https://files.pythonhosted.org/packages/d7/7c/f0a6d0ede2c7bf092d00bc83ad5bafb7e6ec9b4aab2fbdfa6f134dc73327/greenlet-3.3.0-cp314-cp314-macosx_11_0_universal2.whl", hash = "sha256:60c2ef0f578afb3c8d92ea07ad327f9a062547137afe91f38408f08aacab667f", size = 275671, upload-time = "2025-12-04T14:23:05.267Z" },
    { url = "https://files.pythonhosted.org/packages/44/06/dac639ae1a50f5969d82d2e3dd9767d30d6dbdbab0e1a54010c8fe90263c/greenlet-3.3.0-cp314-cp314-manylinux_2_24_aarch64.manylinux_2_28_aarch64.whl", hash = "sha256:0a5d554d0712ba1de0a6c94c640f7aeba3f85b3a6e1f2899c11c2c0428da9365", size = 646360, upload-time = "2025-12-04T14:50:10.026Z" },
    { url = "https://files.pythonhosted.org/packages/e0/94/0fb76fe6c5369fba9bf98529ada6f4c3a1adf19e406a47332245ef0eb357/greenlet-3.3.0-cp314-cp314-manylinux_2_24_ppc64le.manylinux_2_28_ppc64le.whl", hash = "sha256:3a898b1e9c5f7307ebbde4102908e6cbfcb9ea16284a3abe15cab996bee8b9b3", size = 658160, upload-time = "2025-12-04T14:57:45.41Z" },
    { url = "https://files.pythonhosted.org/packages/93/79/d2c70cae6e823fac36c3bbc9077962105052b7ef81db2f01ec3b9bf17e2b/greenlet-3.3.0-cp314-cp314-manylinux_2_24_s390x.manylinux_2_28_s390x.whl", hash = "sha256:dcd2bdbd444ff340e8d6bdf54d2f206ccddbb3ccfdcd3c25bf4afaa7b8f0cf45", size = 671388, upload-time = "2025-12-04T15:07:15.789Z" },
    { url = "https://files.pythonhosted.org/packages/b8/14/bab308fc2c1b5228c3224ec2bf928ce2e4d21d8046c161e44a2012b5203e/greenlet-3.3.0-cp314-cp314-manylinux_2_24_x86_64.manylinux_2_28_x86_64.whl", hash = "sha256:5773edda4dc00e173820722711d043799d3adb4f01731f40619e07ea2750b955", size = 660166, upload-time = "2025-12-04T14:26:05.099Z" },
    { url = "https://files.pythonhosted.org/packages/4b/d2/91465d39164eaa0085177f61983d80ffe746c5a1860f009811d498e7259c/greenlet-3.3.0-cp314-cp314-musllinux_1_2_aarch64.whl", hash = "sha256:ac0549373982b36d5fd5d30beb8a7a33ee541ff98d2b502714a09f1169f31b55", size = 1615193, upload-time = "2025-12-04T15:04:27.041Z" },
    { url = "https://files.pythonhosted.org/packages/42/1b/83d110a37044b92423084d52d5d5a3b3a73cafb51b547e6d7366ff62eff1/greenlet-3.3.0-cp314-cp314-musllinux_1_2_x86_64.whl", hash = "sha256:d198d2d977460358c3b3a4dc844f875d1adb33817f0613f663a656f463764ccc", size = 1683653, upload-time = "2025-12-04T14:27:32.366Z" },
    { url = "https://files.pythonhosted.org/packages/7c/9a/9030e6f9aa8fd7808e9c31ba4c38f87c4f8ec324ee67431d181fe396d705/greenlet-3.3.0-cp314-cp314-win_amd64.whl", hash = "sha256:73f51dd0e0bdb596fb0417e475fa3c5e32d4c83638296e560086b8d7da7c4170", size = 305387, upload-time = "2025-12-04T14:26:51.063Z" },
    { url = "https://files.pythonhosted.org/packages/a0/66/bd6317bc5932accf351fc19f177ffba53712a202f9df10587da8df257c7e/greenlet-3.3.0-cp314-cp314t-macosx_11_0_universal2.whl", hash = "sha256:d6ed6f85fae6cdfdb9ce04c9bf7a08d666cfcfb914e7d006f44f840b46741931", size = 282638, upload-time = "2025-12-04T14:25:20.941Z" },
    { url = "https://files.pythonhosted.org/packages/30/cf/cc81cb030b40e738d6e69502ccbd0dd1bced0588e958f9e757945de24404/greenlet-3.3.0-cp314-cp314t-manylinux_2_24_aarch64.manylinux_2_28_aarch64.whl", hash = "sha256:d9125050fcf24554e69c4cacb086b87b3b55dc395a8b3ebe6487b045b2614388", size = 651145, upload-time = "2025-12-04T14:50:11.039Z" },
    { url = "https://files.pythonhosted.org/packages/9c/ea/1020037b5ecfe95ca7df8d8549959baceb8186031da83d5ecceff8b08cd2/greenlet-3.3.0-cp314-cp314t-manylinux_2_24_ppc64le.manylinux_2_28_ppc64le.whl", hash = "sha256:87e63ccfa13c0a0f6234ed0add552af24cc67dd886731f2261e46e241608bee3", size = 654236, upload-time = "2025-12-04T14:57:47.007Z" },
    { url = "https://files.pythonhosted.org/packages/69/cc/1e4bae2e45ca2fa55299f4e85854606a78ecc37fead20d69322f96000504/greenlet-3.3.0-cp314-cp314t-manylinux_2_24_s390x.manylinux_2_28_s390x.whl", hash = "sha256:2662433acbca297c9153a4023fe2161c8dcfdcc91f10433171cf7e7d94ba2221", size = 662506, upload-time = "2025-12-04T15:07:16.906Z" },
    { url = "https://files.pythonhosted.org/packages/57/b9/f8025d71a6085c441a7eaff0fd928bbb275a6633773667023d19179fe815/greenlet-3.3.0-cp314-cp314t-manylinux_2_24_x86_64.manylinux_2_28_x86_64.whl", hash = "sha256:3c6e9b9c1527a78520357de498b0e709fb9e2f49c3a513afd5a249007261911b", size = 653783, upload-time = "2025-12-04T14:26:06.225Z" },
    { url = "https://files.pythonhosted.org/packages/f6/c7/876a8c7a7485d5d6b5c6821201d542ef28be645aa024cfe1145b35c120c1/greenlet-3.3.0-cp314-cp314t-musllinux_1_2_aarch64.whl", hash = "sha256:286d093f95ec98fdd92fcb955003b8a3d054b4e2cab3e2707a5039e7b50520fd", size = 1614857, upload-time = "2025-12-04T15:04:28.484Z" },
    { url = "https://files.pythonhosted.org/packages/4f/dc/041be1dff9f23dac5f48a43323cd0789cb798342011c19a248d9c9335536/greenlet-3.3.0-cp314-cp314t-musllinux_1_2_x86_64.whl", hash = "sha256:6c10513330af5b8ae16f023e8ddbfb486ab355d04467c4679c5cfe4659975dd9", size = 1676034, upload-time = "2025-12-04T14:27:33.531Z" },
]

[[package]]
name = "psycopg2-binary"
version = "2.9.11"
source = { registry = "https://pypi.org/simple" }
sdist = { url = "https://files.pythonhosted.org/packages/ac/6c/8767aaa597ba424643dc87348c6f1754dd9f48e80fdc1b9f7ca5c3a7c213/psycopg2-binary-2.9.11.tar.gz", hash = "sha256:b6aed9e096bf63f9e75edf2581aa9a7e7186d97ab5c177aa6c87797cd591236c", size = 379620, upload-time = "2025-10-10T11:14:48.041Z" }
wheels = [
    { url = "https://files.pythonhosted.org/packages/c7/ae/8d8266f6dd183ab4d48b95b9674034e1b482a3f8619b33a0d86438694577/psycopg2_binary-2.9.11-cp311-cp311-macosx_10_9_x86_64.whl", hash = "sha256:0e8480afd62362d0a6a27dd09e4ca2def6fa50ed3a4e7c09165266106b2ffa10", size = 3756452, upload-time = "2025-10-10T11:11:11.583Z" },
    { url = "https://files.pythonhosted.org/packages/4b/34/aa03d327739c1be70e09d01182619aca8ebab5970cd0cfa50dd8b9cec2ac/psycopg2_binary-2.9.11-cp311-cp311-macosx_11_0_arm64.whl", hash = "sha256:763c93ef1df3da6d1a90f86ea7f3f806dc06b21c198fa87c3c25504abec9404a", size = 3863957, upload-time = "2025-10-10T11:11:16.932Z" },
    { url = "https://files.pythonhosted.org/packages/48/89/3fdb5902bdab8868bbedc1c6e6023a4e08112ceac5db97fc2012060e0c9a/psycopg2_binary-2.9.11-cp311-cp311-manylinux2014_aarch64.manylinux_2_17_aarch64.whl", hash = "sha256:2e164359396576a3cc701ba8af4751ae68a07235d7a380c631184a611220d9a4", size = 4410955, upload-time = "2025-10-10T11:11:21.21Z" },
    { url = "https://files.pythonhosted.org/packages/ce/24/e18339c407a13c72b336e0d9013fbbbde77b6fd13e853979019a1269519c/psycopg2_binary-2.9.11-cp311-cp311-manylinux2014_ppc64le.manylinux_2_17_ppc64le.whl", hash = "sha256:d57c9c387660b8893093459738b6abddbb30a7eab058b77b0d0d1c7d521ddfd7", size = 4468007, upload-time = "2025-10-10T11:11:24.831Z" },
    { url = "https://files.pythonhosted.org/packages/91/7e/b8441e831a0f16c159b5381698f9f7f7ed54b77d57bc9c5f99144cc78232/psycopg2_binary-2.9.11-cp311-cp311-manylinux2014_x86_64.manylinux_2_17_x86_64.whl", hash = "sha256:2c226ef95eb2250974bf6fa7a842082b31f68385c4f3268370e3f3870e7859ee", size = 4165012, upload-time = "2025-10-10T11:11:29.51Z" },
    { url = "https://files.pythonhosted.org/packages/0d/61/4aa89eeb6d751f05178a13da95516c036e27468c5d4d2509bb1e15341c81/psycopg2_binary-2.9.11-cp311-cp311-manylinux_2_38_riscv64.manylinux_2_39_riscv64.whl", hash = "sha256:a311f1edc9967723d3511ea7d2708e2c3592e3405677bf53d5c7246753591fbb", size = 3981881, upload-time = "2025-10-30T02:55:07.332Z" },
    { url = "https://files.pythonhosted.org/packages/76/a1/2f5841cae4c635a9459fe7aca8ed771336e9383b6429e05c01267b0774cf/psycopg2_binary-2.9.11-cp311-cp311-musllinux_1_2_aarch64.whl", hash = "sha256:ebb415404821b6d1c47353ebe9c8645967a5235e6d88f914147e7fd411419e6f", size = 3650985, upload-time = "2025-10-10T11:11:34.975Z" },
    { url = "https://files.pythonhosted.org/packages/84/74/4defcac9d002bca5709951b975173c8c2fa968e1a95dc713f61b3a8d3b6a/psycopg2_binary-2.9.11-cp311-cp311-musllinux_1_2_ppc64le.whl", hash = "sha256:f07c9c4a5093258a03b28fab9b4f151aa376989e7f35f855088234e656ee6a94", size = 3296039, upload-time = "2025-10-10T11:11:40.432Z" },
    { url = "https://files.pythonhosted.org/packages/6d/c2/782a3c64403d8ce35b5c50e1b684412cf94f171dc18111be8c976abd2de1/psycopg2_binary-2.9.11-cp311-cp311-musllinux_1_2_riscv64.whl", hash = "sha256:00ce1830d971f43b667abe4a56e42c1e2d594b32da4802e44a73bacacb25535f", size = 3043477, upload-time = "2025-10-30T02:55:11.182Z" },
    { url = "https://files.pythonhosted.org/packages/c8/31/36a1d8e702aa35c38fc117c2b8be3f182613faa25d794b8aeaab948d4c03/psycopg2_binary-2.9.11-cp311-cp311-musllinux_1_2_x86_64.whl", hash = "sha256:cffe9d7697ae7456649617e8bb8d7a45afb71cd13f7ab22af3e5c61f04840908", size = 3345842, upload-time = "2025-10-10T11:11:45.366Z" },
    { url = "https://files.pythonhosted.org/packages/6e/b4/a5375cda5b54cb95ee9b836930fea30ae5a8f14aa97da7821722323d979b/psycopg2_binary-2.9.11-cp311-cp311-win_amd64.whl", hash = "sha256:304fd7b7f97eef30e91b8f7e720b3db75fee010b520e434ea35ed1ff22501d03", size = 2713894, upload-time = "2025-10-10T11:11:48.775Z" },
    { url = "https://files.pythonhosted.org/packages/d8/91/f870a02f51be4a65987b45a7de4c2e1897dd0d01051e2b559a38fa634e3e/psycopg2_binary-2.9.11-cp312-cp312-macosx_10_13_x86_64.whl", hash = "sha256:be9b840ac0525a283a96b556616f5b4820e0526addb8dcf6525a0fa162730be4", size = 3756603, upload-time = "2025-10-10T11:11:52.213Z" },
    { url = "https://files.pythonhosted.org/packages/27/fa/cae40e06849b6c9a95eb5c04d419942f00d9eaac8d81626107461e268821/psycopg2_binary-2.9.11-cp312-cp312-macosx_11_0_arm64.whl", hash = "sha256:f090b7ddd13ca842ebfe301cd587a76a4cf0913b1e429eb92c1be5dbeb1a19bc", size = 3864509, upload-time = "2025-10-10T11:11:56.452Z" },
    { url = "https://files.pythonhosted.org/packages/2d/75/364847b879eb630b3ac8293798e380e441a957c53657995053c5ec39a316/psycopg2_binary-2.9.11-cp312-cp312-manylinux2014_aarch64.manylinux_2_17_aarch64.whl", hash = "sha256:ab8905b5dcb05bf3fb22e0cf90e10f469563486ffb6a96569e51f897c750a76a", size = 4411159, upload-time = "2025-10-10T11:12:00.49Z" },
    { url = "https://files.pythonhosted.org/packages/6f/a0/567f7ea38b6e1c62aafd58375665a547c00c608a471620c0edc364733e13/psycopg2_binary-2.9.11-cp312-cp312-manylinux2014_ppc64le.manylinux_2_17_ppc64le.whl", hash = "sha256:bf940cd7e7fec19181fdbc29d76911741153d51cab52e5c21165f3262125685e", size = 4468234, upload-time = "2025-10-10T11:12:04.892Z" },
    { url = "https://files.pythonhosted.org/packages/30/da/4e42788fb811bbbfd7b7f045570c062f49e350e1d1f3df056c3fb5763353/psycopg2_binary-2.9.11-cp312-cp312-manylinux2014_x86_64.manylinux_2_17_x86_64.whl", hash = "sha256:fa0f693d3c68ae925966f0b14b8edda71696608039f4ed61b1fe9ffa468d16db", size = 4166236, upload-time = "2025-10-10T11:12:11.674Z" },
    { url = "https://files.pythonhosted.org/packages/3c/94/c1777c355bc560992af848d98216148be5f1be001af06e06fc49cbded578/psycopg2_binary-2.9.11-cp312-cp312-manylinux_2_38_riscv64.manylinux_2_39_riscv64.whl", hash = "sha256:a1cf393f1cdaf6a9b57c0a719a1068ba1069f022a59b8b1fe44b006745b59757", size = 3983083, upload-time = "2025-10-30T02:55:15.73Z" },
    { url = "https://files.pythonhosted.org/packages/bd/42/c9a21edf0e3daa7825ed04a4a8588686c6c14904344344a039556d78aa58/psycopg2_binary-2.9.11-cp312-cp312-musllinux_1_2_aarch64.whl", hash = "sha256:ef7a6beb4beaa62f88592ccc65df20328029d721db309cb3250b0aae0fa146c3", size = 3652281, upload-time = "2025-10-10T11:12:17.713Z" },
    { url = "https://files.pythonhosted.org/packages/12/22/dedfbcfa97917982301496b6b5e5e6c5531d1f35dd2b488b08d1ebc52482/psycopg2_binary-2.9.11-cp312-cp312-musllinux_1_2_ppc64le.whl", hash = "sha256:31b32c457a6025e74d233957cc9736742ac5a6cb196c6b68499f6bb51390bd6a", size = 3298010, upload-time = "2025-10-10T11:12:22.671Z" },
    { url = "https://files.pythonhosted.org/packages/66/ea/d3390e6696276078bd01b2ece417deac954dfdd552d2edc3d03204416c0c/psycopg2_binary-2.9.11-cp312-cp312-musllinux_1_2_riscv64.whl", hash = "sha256:edcb3aeb11cb4bf13a2af3c53a15b3d612edeb6409047ea0b5d6a21a9d744b34", size = 3044641, upload-time = "2025-10-30T02:55:19.929Z" },
    { url = "https://files.pythonhosted.org/packages/12/9a/0402ded6cbd321da0c0ba7d34dc12b29b14f5764c2fc10750daa38e825fc/psycopg2_binary-2.9.11-cp312-cp312-musllinux_1_2_x86_64.whl", hash = "sha256:62b6d93d7c0b61a1dd6197d208ab613eb7dcfdcca0a49c42ceb082257991de9d", size = 3347940, upload-time = "2025-10-10T11:12:26.529Z" },
    { url = "https://files.pythonhosted.org/packages/b1/d2/99b55e85832ccde77b211738ff3925a5d73ad183c0b37bcbbe5a8ff04978/psycopg2_binary-2.9.11-cp312-cp312-win_amd64.whl", hash = "sha256:b33fabeb1fde21180479b2d4667e994de7bbf0eec22832ba5d9b5e4cf65b6c6d", size = 2714147, upload-time = "2025-10-10T11:12:29.535Z" },
    { url = "https://files.pythonhosted.org/packages/ff/a8/a2709681b3ac11b0b1786def10006b8995125ba268c9a54bea6f5ae8bd3e/psycopg2_binary-2.9.11-cp313-cp313-macosx_10_13_x86_64.whl", hash = "sha256:b8fb3db325435d34235b044b199e56cdf9ff41223a4b9752e8576465170bb38c", size = 3756572, upload-time = "2025-10-10T11:12:32.873Z" },
    { url = "https://files.pythonhosted.org/packages/62/e1/c2b38d256d0dafd32713e9f31982a5b028f4a3651f446be70785f484f472/psycopg2_binary-2.9.11-cp313-cp313-macosx_11_0_arm64.whl", hash = "sha256:366df99e710a2acd90efed3764bb1e28df6c675d33a7fb40df9b7281694432ee", size = 3864529, upload-time = "2025-10-10T11:12:36.791Z" },
    { url = "https://files.pythonhosted.org/packages/11/32/b2ffe8f3853c181e88f0a157c5fb4e383102238d73c52ac6d93a5c8bffe6/psycopg2_binary-2.9.11-cp313-cp313-manylinux2014_aarch64.manylinux_2_17_aarch64.whl", hash = "sha256:8c55b385daa2f92cb64b12ec4536c66954ac53654c7f15a203578da4e78105c0", size = 4411242, upload-time = "2025-10-10T11:12:42.388Z" },
    { url = "https://files.pythonhosted.org/packages/10/04/6ca7477e6160ae258dc96f67c371157776564679aefd247b66f4661501a2/psycopg2_binary-2.9.11-cp313-cp313-manylinux2014_ppc64le.manylinux_2_17_ppc64le.whl", hash = "sha256:c0377174bf1dd416993d16edc15357f6eb17ac998244cca19bc67cdc0e2e5766", size = 4468258, upload-time = "2025-10-10T11:12:48.654Z" },
    { url = "https://files.pythonhosted.org/packages/3c/7e/6a1a38f86412df101435809f225d57c1a021307dd0689f7a5e7fe83588b1/psycopg2_binary-2.9.11-cp313-cp313-manylinux2014_x86_64.manylinux_2_17_x86_64.whl", hash = "sha256:5c6ff3335ce08c75afaed19e08699e8aacf95d4a260b495a4a8545244fe2ceb3", size = 4166295, upload-time = "2025-10-10T11:12:52.525Z" },
    { url = "https://files.pythonhosted.org/packages/f2/7d/c07374c501b45f3579a9eb761cbf2604ddef3d96ad48679112c2c5aa9c25/psycopg2_binary-2.9.11-cp313-cp313-manylinux_2_38_riscv64.manylinux_2_39_riscv64.whl", hash = "sha256:84011ba3109e06ac412f95399b704d3d6950e386b7994475b231cf61eec2fc1f", size = 3983133, upload-time = "2025-10-30T02:55:24.329Z" },
    { url = "https://files.pythonhosted.org/packages/82/56/993b7104cb8345ad7d4516538ccf8f0d0ac640b1ebd8c754a7b024e76878/psycopg2_binary-2.9.11-cp313-cp313-musllinux_1_2_aarch64.whl", hash = "sha256:ba34475ceb08cccbdd98f6b46916917ae6eeb92b5ae111df10b544c3a4621dc4", size = 3652383, upload-time = "2025-10-10T11:12:56.387Z" },
    { url = "https://files.pythonhosted.org/packages/2d/ac/eaeb6029362fd8d454a27374d84c6866c82c33bfc24587b4face5a8e43ef/psycopg2_binary-2.9.11-cp313-cp313-musllinux_1_2_ppc64le.whl", hash = "sha256:b31e90fdd0f968c2de3b26ab014314fe814225b6c324f770952f7d38abf17e3c", size = 3298168, upload-time = "2025-10-10T11:13:00.403Z" },
    { url = "https://files.pythonhosted.org/packages/2b/39/50c3facc66bded9ada5cbc0de867499a703dc6bca6be03070b4e3b65da6c/psycopg2_binary-2.9.11-cp313-cp313-musllinux_1_2_riscv64.whl", hash = "sha256:d526864e0f67f74937a8fce859bd56c979f5e2ec57ca7c627f5f1071ef7fee60", size = 3044712, upload-time = "2025-10-30T02:55:27.975Z" },
    { url = "https://files.pythonhosted.org/packages/9c/8e/b7de019a1f562f72ada81081a12823d3c1590bedc48d7d2559410a2763fe/psycopg2_binary-2.9.11-cp313-cp313-musllinux_1_2_x86_64.whl", hash = "sha256:04195548662fa544626c8ea0f06561eb6203f1984ba5b4562764fbeb4c3d14b1", size = 3347549, upload-time = "2025-10-10T11:13:03.971Z" },
    { url = "https://files.pythonhosted.org/packages/80/2d/1bb683f64737bbb1f86c82b7359db1eb2be4e2c0c13b947f80efefa7d3e5/psycopg2_binary-2.9.11-cp313-cp313-win_amd64.whl", hash = "sha256:efff12b432179443f54e230fdf60de1f6cc726b6c832db8701227d089310e8aa", size = 2714215, upload-time = "2025-10-10T11:13:07.14Z" },
    { url = "https://files.pythonhosted.org/packages/64/12/93ef0098590cf51d9732b4f139533732565704f45bdc1ffa741b7c95fb54/psycopg2_binary-2.9.11-cp314-cp314-macosx_10_13_x86_64.whl", hash = "sha256:92e3b669236327083a2e33ccfa0d320dd01b9803b3e14dd986a4fc54aa00f4e1", size = 3756567, upload-time = "2025-10-10T11:13:11.885Z" },
    { url = "https://files.pythonhosted.org/packages/7c/a9/9d55c614a891288f15ca4b5209b09f0f01e3124056924e17b81b9fa054cc/psycopg2_binary-2.9.11-cp314-cp314-macosx_11_0_arm64.whl", hash = "sha256:e0deeb03da539fa3577fcb0b3f2554a97f7e5477c246098dbb18091a4a01c16f", size = 3864755, upload-time = "2025-10-10T11:13:17.727Z" },
    { url = "https://files.pythonhosted.org/packages/13/1e/98874ce72fd29cbde93209977b196a2edae03f8490d1bd8158e7f1daf3a0/psycopg2_binary-2.9.11-cp314-cp314-manylinux2014_aarch64.manylinux_2_17_aarch64.whl", hash = "sha256:9b52a3f9bb540a3e4ec0f6ba6d31339727b2950c9772850d6545b7eae0b9d7c5", size = 4411646, upload-time = "2025-10-10T11:13:24.432Z" },
    { url = "https://files.pythonhosted.org/packages/5a/bd/a335ce6645334fb8d758cc358810defca14a1d19ffbc8a10bd38a2328565/psycopg2_binary-2.9.11-cp314-cp314-manylinux2014_ppc64le.manylinux_2_17_ppc64le.whl", hash = "sha256:db4fd476874ccfdbb630a54426964959e58da4c61c9feba73e6094d51303d7d8", size = 4468701, upload-time = "2025-10-10T11:13:29.266Z" },
    { url = "https://files.pythonhosted.org/packages/44/d6/c8b4f53f34e295e45709b7568bf9b9407a612ea30387d35eb9fa84f269b4/psycopg2_binary-2.9.11-cp314-cp314-manylinux2014_x86_64.manylinux_2_17_x86_64.whl", hash = "sha256:47f212c1d3be608a12937cc131bd85502954398aaa1320cb4c14421a0ffccf4c", size = 4166293, upload-time = "2025-10-10T11:13:33.336Z" },
    { url = "https://files.pythonhosted.org/packages/4b/e0/f8cc36eadd1b716ab36bb290618a3292e009867e5c97ce4aba908cb99644/psycopg2_binary-2.9.11-cp314-cp314-manylinux_2_38_riscv64.manylinux_2_39_riscv64.whl", hash = "sha256:e35b7abae2b0adab776add56111df1735ccc71406e56203515e228a8dc07089f", size = 3983184, upload-time = "2025-10-30T02:55:32.483Z" },
    { url = "https://files.pythonhosted.org/packages/53/3e/2a8fe18a4e61cfb3417da67b6318e12691772c0696d79434184a511906dc/psycopg2_binary-2.9.11-cp314-cp314-musllinux_1_2_aarch64.whl", hash = "sha256:fcf21be3ce5f5659daefd2b3b3b6e4727b028221ddc94e6c1523425579664747", size = 3652650, upload-time = "2025-10-10T11:13:38.181Z" },
    { url = "https://files.pythonhosted.org/packages/76/36/03801461b31b29fe58d228c24388f999fe814dfc302856e0d17f97d7c54d/psycopg2_binary-2.9.11-cp314-cp314-musllinux_1_2_ppc64le.whl", hash = "sha256:9bd81e64e8de111237737b29d68039b9c813bdf520156af36d26819c9a979e5f", size = 3298663, upload-time = "2025-10-10T11:13:44.878Z" },
    { url = "https://files.pythonhosted.org/packages/97/77/21b0ea2e1a73aa5fa9222b2a6b8ba325c43c3a8d54272839c991f2345656/psycopg2_binary-2.9.11-cp314-cp314-musllinux_1_2_riscv64.whl", hash = "sha256:32770a4d666fbdafab017086655bcddab791d7cb260a16679cc5a7338b64343b", size = 3044737, upload-time = "2025-10-30T02:55:35.69Z" },
    { url = "https://files.pythonhosted.org/packages/67/69/f36abe5f118c1dca6d3726ceae164b9356985805480731ac6712a63f24f0/psycopg2_binary-2.9.11-cp314-cp314-musllinux_1_2_x86_64.whl", hash = "sha256:c3cb3a676873d7506825221045bd70e0427c905b9c8ee8d6acd70cfcbd6e576d", size = 3347643, upload-time = "2025-10-10T11:13:53.499Z" },
    { url = "https://files.pythonhosted.org/packages/e1/36/9c0c326fe3a4227953dfb29f5d0c8ae3b8eb8c1cd2967aa569f50cb3c61f/psycopg2_binary-2.9.11-cp314-cp314-win_amd64.whl", hash = "sha256:4012c9c954dfaccd28f94e84ab9f94e12df76b4afb22331b1f0d3154893a6316", size = 2803913, upload-time = "2025-10-10T11:13:57.058Z" },
]

[[package]]
name = "sqlalchemy"
version = "2.0.45"
source = { registry = "https://pypi.org/simple" }
dependencies = [
    { name = "greenlet", marker = "platform_machine == 'AMD64' or platform_machine == 'WIN32' or platform_machine == 'aarch64' or platform_machine == 'amd64' or platform_machine == 'ppc64le' or platform_machine == 'win32' or platform_machine == 'x86_64'" },
    { name = "typing-extensions" },
]
sdist = { url = "https://files.pythonhosted.org/packages/be/f9/5e4491e5ccf42f5d9cfc663741d261b3e6e1683ae7812114e7636409fcc6/sqlalchemy-2.0.45.tar.gz", hash = "sha256:1632a4bda8d2d25703fdad6363058d882541bdaaee0e5e3ddfa0cd3229efce88", size = 9869912, upload-time = "2025-12-09T21:05:16.737Z" }
wheels = [
    { url = "https://files.pythonhosted.org/packages/a2/1c/769552a9d840065137272ebe86ffbb0bc92b0f1e0a68ee5266a225f8cd7b/sqlalchemy-2.0.45-cp311-cp311-macosx_11_0_arm64.whl", hash = "sha256:2e90a344c644a4fa871eb01809c32096487928bd2038bf10f3e4515cb688cc56", size = 2153860, upload-time = "2025-12-10T20:03:23.843Z" },
    { url = "https://files.pythonhosted.org/packages/f3/f8/9be54ff620e5b796ca7b44670ef58bc678095d51b0e89d6e3102ea468216/sqlalchemy-2.0.45-cp311-cp311-manylinux2014_aarch64.manylinux_2_17_aarch64.manylinux_2_28_aarch64.whl", hash = "sha256:b8c8b41b97fba5f62349aa285654230296829672fc9939cd7f35aab246d1c08b", size = 3309379, upload-time = "2025-12-09T22:06:07.461Z" },
    { url = "https://files.pythonhosted.org/packages/f6/2b/60ce3ee7a5ae172bfcd419ce23259bb874d2cddd44f67c5df3760a1e22f9/sqlalchemy-2.0.45-cp311-cp311-manylinux2014_x86_64.manylinux_2_17_x86_64.manylinux_2_28_x86_64.whl", hash = "sha256:12c694ed6468333a090d2f60950e4250b928f457e4962389553d6ba5fe9951ac", size = 3309948, upload-time = "2025-12-09T22:09:57.643Z" },
    { url = "https://files.pythonhosted.org/packages/a3/42/bac8d393f5db550e4e466d03d16daaafd2bad1f74e48c12673fb499a7fc1/sqlalchemy-2.0.45-cp311-cp311-musllinux_1_2_aarch64.whl", hash = "sha256:f7d27a1d977a1cfef38a0e2e1ca86f09c4212666ce34e6ae542f3ed0a33bc606", size = 3261239, upload-time = "2025-12-09T22:06:08.879Z" },
    { url = "https://files.pythonhosted.org/packages/6f/12/43dc70a0528c59842b04ea1c1ed176f072a9b383190eb015384dd102fb19/sqlalchemy-2.0.45-cp311-cp311-musllinux_1_2_x86_64.whl", hash = "sha256:d62e47f5d8a50099b17e2bfc1b0c7d7ecd8ba6b46b1507b58cc4f05eefc3bb1c", size = 3284065, upload-time = "2025-12-09T22:09:59.454Z" },
    { url = "https://files.pythonhosted.org/packages/cf/9c/563049cf761d9a2ec7bc489f7879e9d94e7b590496bea5bbee9ed7b4cc32/sqlalchemy-2.0.45-cp311-cp311-win32.whl", hash = "sha256:3c5f76216e7b85770d5bb5130ddd11ee89f4d52b11783674a662c7dd57018177", size = 2113480, upload-time = "2025-12-09T21:29:57.03Z" },
    { url = "https://files.pythonhosted.org/packages/bc/fa/09d0a11fe9f15c7fa5c7f0dd26be3d235b0c0cbf2f9544f43bc42efc8a24/sqlalchemy-2.0.45-cp311-cp311-win_amd64.whl", hash = "sha256:a15b98adb7f277316f2c276c090259129ee4afca783495e212048daf846654b2", size = 2138407, upload-time = "2025-12-09T21:29:58.556Z" },
    { url = "https://files.pythonhosted.org/packages/2d/c7/1900b56ce19bff1c26f39a4ce427faec7716c81ac792bfac8b6a9f3dca93/sqlalchemy-2.0.45-cp312-cp312-manylinux2014_aarch64.manylinux_2_17_aarch64.manylinux_2_28_aarch64.whl", hash = "sha256:b3ee2aac15169fb0d45822983631466d60b762085bc4535cd39e66bea362df5f", size = 3333760, upload-time = "2025-12-09T22:11:02.66Z" },
    { url = "https://files.pythonhosted.org/packages/0a/93/3be94d96bb442d0d9a60e55a6bb6e0958dd3457751c6f8502e56ef95fed0/sqlalchemy-2.0.45-cp312-cp312-manylinux2014_x86_64.manylinux_2_17_x86_64.manylinux_2_28_x86_64.whl", hash = "sha256:ba547ac0b361ab4f1608afbc8432db669bd0819b3e12e29fb5fa9529a8bba81d", size = 3348268, upload-time = "2025-12-09T22:13:49.054Z" },
    { url = "https://files.pythonhosted.org/packages/48/4b/f88ded696e61513595e4a9778f9d3f2bf7332cce4eb0c7cedaabddd6687b/sqlalchemy-2.0.45-cp312-cp312-musllinux_1_2_aarch64.whl", hash = "sha256:215f0528b914e5c75ef2559f69dca86878a3beeb0c1be7279d77f18e8d180ed4", size = 3278144, upload-time = "2025-12-09T22:11:04.14Z" },
    { url = "https://files.pythonhosted.org/packages/ed/6a/310ecb5657221f3e1bd5288ed83aa554923fb5da48d760a9f7622afeb065/sqlalchemy-2.0.45-cp312-cp312-musllinux_1_2_x86_64.whl", hash = "sha256:107029bf4f43d076d4011f1afb74f7c3e2ea029ec82eb23d8527d5e909e97aa6", size = 3313907, upload-time = "2025-12-09T22:13:50.598Z" },
    { url = "https://files.pythonhosted.org/packages/5c/39/69c0b4051079addd57c84a5bfb34920d87456dd4c90cf7ee0df6efafc8ff/sqlalchemy-2.0.45-cp312-cp312-win32.whl", hash = "sha256:0c9f6ada57b58420a2c0277ff853abe40b9e9449f8d7d231763c6bc30f5c4953", size = 2112182, upload-time = "2025-12-09T21:39:30.824Z" },
    { url = "https://files.pythonhosted.org/packages/f7/4e/510db49dd89fc3a6e994bee51848c94c48c4a00dc905e8d0133c251f41a7/sqlalchemy-2.0.45-cp312-cp312-win_amd64.whl", hash = "sha256:8defe5737c6d2179c7997242d6473587c3beb52e557f5ef0187277009f73e5e1", size = 2139200, upload-time = "2025-12-09T21:39:32.321Z" },
    { url = "https://files.pythonhosted.org/packages/6a/c8/7cc5221b47a54edc72a0140a1efa56e0a2730eefa4058d7ed0b4c4357ff8/sqlalchemy-2.0.45-cp313-cp313-manylinux2014_aarch64.manylinux_2_17_aarch64.manylinux_2_28_aarch64.whl", hash = "sha256:fe187fc31a54d7fd90352f34e8c008cf3ad5d064d08fedd3de2e8df83eb4a1cf", size = 3277082, upload-time = "2025-12-09T22:11:06.167Z" },
    { url = "https://files.pythonhosted.org/packages/0e/50/80a8d080ac7d3d321e5e5d420c9a522b0aa770ec7013ea91f9a8b7d36e4a/sqlalchemy-2.0.45-cp313-cp313-manylinux2014_x86_64.manylinux_2_17_x86_64.manylinux_2_28_x86_64.whl", hash = "sha256:672c45cae53ba88e0dad74b9027dddd09ef6f441e927786b05bec75d949fbb2e", size = 3293131, upload-time = "2025-12-09T22:13:52.626Z" },
    { url = "https://files.pythonhosted.org/packages/da/4c/13dab31266fc9904f7609a5dc308a2432a066141d65b857760c3bef97e69/sqlalchemy-2.0.45-cp313-cp313-musllinux_1_2_aarch64.whl", hash = "sha256:470daea2c1ce73910f08caf10575676a37159a6d16c4da33d0033546bddebc9b", size = 3225389, upload-time = "2025-12-09T22:11:08.093Z" },
    { url = "https://files.pythonhosted.org/packages/74/04/891b5c2e9f83589de202e7abaf24cd4e4fa59e1837d64d528829ad6cc107/sqlalchemy-2.0.45-cp313-cp313-musllinux_1_2_x86_64.whl", hash = "sha256:9c6378449e0940476577047150fd09e242529b761dc887c9808a9a937fe990c8", size = 3266054, upload-time = "2025-12-09T22:13:54.262Z" },
    { url = "https://files.pythonhosted.org/packages/f1/24/fc59e7f71b0948cdd4cff7a286210e86b0443ef1d18a23b0d83b87e4b1f7/sqlalchemy-2.0.45-cp313-cp313-win32.whl", hash = "sha256:4b6bec67ca45bc166c8729910bd2a87f1c0407ee955df110d78948f5b5827e8a", size = 2110299, upload-time = "2025-12-09T21:39:33.486Z" },
    { url = "https://files.pythonhosted.org/packages/c0/c5/d17113020b2d43073412aeca09b60d2009442420372123b8d49cc253f8b8/sqlalchemy-2.0.45-cp313-cp313-win_amd64.whl", hash = "sha256:afbf47dc4de31fa38fd491f3705cac5307d21d4bb828a4f020ee59af412744ee", size = 2136264, upload-time = "2025-12-09T21:39:36.801Z" },
    { url = "https://files.pythonhosted.org/packages/3d/8d/bb40a5d10e7a5f2195f235c0b2f2c79b0bf6e8f00c0c223130a4fbd2db09/sqlalchemy-2.0.45-cp313-cp313t-manylinux2014_x86_64.manylinux_2_17_x86_64.manylinux_2_28_x86_64.whl", hash = "sha256:83d7009f40ce619d483d26ac1b757dfe3167b39921379a8bd1b596cf02dab4a6", size = 3521998, upload-time = "2025-12-09T22:13:28.622Z" },
    { url = "https://files.pythonhosted.org/packages/75/a5/346128b0464886f036c039ea287b7332a410aa2d3fb0bb5d404cb8861635/sqlalchemy-2.0.45-cp313-cp313t-musllinux_1_2_x86_64.whl", hash = "sha256:d8a2ca754e5415cde2b656c27900b19d50ba076aa05ce66e2207623d3fe41f5a", size = 3473434, upload-time = "2025-12-09T22:13:30.188Z" },
    { url = "https://files.pythonhosted.org/packages/cc/64/4e1913772646b060b025d3fc52ce91a58967fe58957df32b455de5a12b4f/sqlalchemy-2.0.45-cp314-cp314-manylinux2014_aarch64.manylinux_2_17_aarch64.manylinux_2_28_aarch64.whl", hash = "sha256:7f46ec744e7f51275582e6a24326e10c49fbdd3fc99103e01376841213028774", size = 3272404, upload-time = "2025-12-09T22:11:09.662Z" },
    { url = "https://files.pythonhosted.org/packages/b3/27/caf606ee924282fe4747ee4fd454b335a72a6e018f97eab5ff7f28199e16/sqlalchemy-2.0.45-cp314-cp314-manylinux2014_x86_64.manylinux_2_17_x86_64.manylinux_2_28_x86_64.whl", hash = "sha256:883c600c345123c033c2f6caca18def08f1f7f4c3ebeb591a63b6fceffc95cce", size = 3277057, upload-time = "2025-12-09T22:13:56.213Z" },
    { url = "https://files.pythonhosted.org/packages/85/d0/3d64218c9724e91f3d1574d12eb7ff8f19f937643815d8daf792046d88ab/sqlalchemy-2.0.45-cp314-cp314-musllinux_1_2_aarch64.whl", hash = "sha256:2c0b74aa79e2deade948fe8593654c8ef4228c44ba862bb7c9585c8e0db90f33", size = 3222279, upload-time = "2025-12-09T22:11:11.1Z" },
    { url = "https://files.pythonhosted.org/packages/24/10/dd7688a81c5bc7690c2a3764d55a238c524cd1a5a19487928844cb247695/sqlalchemy-2.0.45-cp314-cp314-musllinux_1_2_x86_64.whl", hash = "sha256:8a420169cef179d4c9064365f42d779f1e5895ad26ca0c8b4c0233920973db74", size = 3244508, upload-time = "2025-12-09T22:13:57.932Z" },
    { url = "https://files.pythonhosted.org/packages/aa/41/db75756ca49f777e029968d9c9fee338c7907c563267740c6d310a8e3f60/sqlalchemy-2.0.45-cp314-cp314-win32.whl", hash = "sha256:e50dcb81a5dfe4b7b4a4aa8f338116d127cb209559124f3694c70d6cd072b68f", size = 2113204, upload-time = "2025-12-09T21:39:38.365Z" },
    { url = "https://files.pythonhosted.org/packages/89/a2/0e1590e9adb292b1d576dbcf67ff7df8cf55e56e78d2c927686d01080f4b/sqlalchemy-2.0.45-cp314-cp314-win_amd64.whl", hash = "sha256:4748601c8ea959e37e03d13dcda4a44837afcd1b21338e637f7c935b8da06177", size = 2138785, upload-time = "2025-12-09T21:39:39.503Z" },
    { url = "https://files.pythonhosted.org/packages/42/39/f05f0ed54d451156bbed0e23eb0516bcad7cbb9f18b3bf219c786371b3f0/sqlalchemy-2.0.45-cp314-cp314t-manylinux2014_x86_64.manylinux_2_17_x86_64.manylinux_2_28_x86_64.whl", hash = "sha256:cd337d3526ec5298f67d6a30bbbe4ed7e5e68862f0bf6dd21d289f8d37b7d60b", size = 3522029, upload-time = "2025-12-09T22:13:32.09Z" },
    { url = "https://files.pythonhosted.org/packages/54/0f/d15398b98b65c2bce288d5ee3f7d0a81f77ab89d9456994d5c7cc8b2a9db/sqlalchemy-2.0.45-cp314-cp314t-musllinux_1_2_x86_64.whl", hash = "sha256:9a62b446b7d86a3909abbcd1cd3cc550a832f99c2bc37c5b22e1925438b9367b", size = 3475142, upload-time = "2025-12-09T22:13:33.739Z" },
    { url = "https://files.pythonhosted.org/packages/bf/e1/3ccb13c643399d22289c6a9786c1a91e3dcbb68bce4beb44926ac2c557bf/sqlalchemy-2.0.45-py3-none-any.whl", hash = "sha256:5225a288e4c8cc2308dbdd874edad6e7d0fd38eac1e9e5f23503425c8eee20d0", size = 1936672, upload-time = "2025-12-09T21:54:52.608Z" },
]

[[package]]
name = "typing-extensions"
version = "4.15.0"
source = { registry = "https://pypi.org/simple" }
sdist = { url = "https://files.pythonhosted.org/packages/72/94/1a15dd82efb362ac84269196e94cf00f187f7ed21c242792a923cdb1c61f/typing_extensions-4.15.0.tar.gz", hash = "sha256:0cea48d173cc12fa28ecabc3b837ea3cf6f38c6d1136f85cbaaf598984861466", size = 109391, upload-time = "2025-08-25T13:49:26.313Z" }
wheels = [
    { url = "https://files.pythonhosted.org/packages/18/67/36e9267722cc04a6b9f15c7f3441c2363321a3ea07da7ae0c0707beb2a9c/typing_extensions-4.15.0-py3-none-any.whl", hash = "sha256:f0fa19c6845758ab08074a0cfa8b7aecb71c999ca73d62883bc25cc018c4e548", size = 44614, upload-time = "2025-08-25T13:49:24.86Z" },
]
